// !$*UTF8*$!
{
	archiveVersion = 1;
	classes = {
	};
	objectVersion = 56;
	objects = {

/* Begin PBXBuildFile section */
		8F09205B2B217BCC005BC2E0 /* CheckoutView.swift in Sources */ = {isa = PBXBuildFile; fileRef = 8F09205A2B217BCC005BC2E0 /* CheckoutView.swift */; };
		8F2041DF2B26B3A9006CA78A /* HybridBikeData.swift in Sources */ = {isa = PBXBuildFile; fileRef = 8F2041DD2B26B3A9006CA78A /* HybridBikeData.swift */; };
		8F2041E02B26B3A9006CA78A /* RoadBikeData.swift in Sources */ = {isa = PBXBuildFile; fileRef = 8F2041DE2B26B3A9006CA78A /* RoadBikeData.swift */; };
		8F2041E22B27AAE8006CA78A /* BikeListModificationModel.swift in Sources */ = {isa = PBXBuildFile; fileRef = 8F2041E12B27AAE8006CA78A /* BikeListModificationModel.swift */; };
		8F42B9742AEB4C2900CFBB4F /* BikeRentalAppApp.swift in Sources */ = {isa = PBXBuildFile; fileRef = 8F42B9732AEB4C2900CFBB4F /* BikeRentalAppApp.swift */; };
		8F42B9782AEB4C2A00CFBB4F /* Assets.xcassets in Resources */ = {isa = PBXBuildFile; fileRef = 8F42B9772AEB4C2A00CFBB4F /* Assets.xcassets */; };
		8F42B97C2AEB4C2A00CFBB4F /* Preview Assets.xcassets in Resources */ = {isa = PBXBuildFile; fileRef = 8F42B97B2AEB4C2A00CFBB4F /* Preview Assets.xcassets */; };
		8F54342E2AEB4D6C00E0E260 /* LandingPage.swift in Sources */ = {isa = PBXBuildFile; fileRef = 8F54342D2AEB4D6C00E0E260 /* LandingPage.swift */; };
		8F54343E2AEB4F1400E0E260 /* BikeListView.swift in Sources */ = {isa = PBXBuildFile; fileRef = 8F54343D2AEB4F1400E0E260 /* BikeListView.swift */; };
		8F6DF1802B2A61170035DF0C /* CapsulView.swift in Sources */ = {isa = PBXBuildFile; fileRef = 8F6DF17F2B2A61170035DF0C /* CapsulView.swift */; };
		8F6DF1842B2FC5560035DF0C /* RentalHistoryView.swift in Sources */ = {isa = PBXBuildFile; fileRef = 8F6DF1832B2FC5560035DF0C /* RentalHistoryView.swift */; };
		8F6DF1862B30C7640035DF0C /* ReservationModel.swift in Sources */ = {isa = PBXBuildFile; fileRef = 8F6DF1852B30C7640035DF0C /* ReservationModel.swift */; };
		8F6DF18A2B30D2150035DF0C /* reservationData.swift in Sources */ = {isa = PBXBuildFile; fileRef = 8F6DF1892B30D2150035DF0C /* reservationData.swift */; };
		8FD45DF22AF4748E00BDCD8C /* BikeBackground.mp4 in Resources */ = {isa = PBXBuildFile; fileRef = 8FD45DF12AF4748E00BDCD8C /* BikeBackground.mp4 */; };
		8FD45E102AF5761500BDCD8C /* MountainBikeModel.swift in Sources */ = {isa = PBXBuildFile; fileRef = 8FD45E0F2AF5761500BDCD8C /* MountainBikeModel.swift */; };
		8FD45E132AF5780C00BDCD8C /* BikeData.swift in Sources */ = {isa = PBXBuildFile; fileRef = 8FD45E122AF5780C00BDCD8C /* BikeData.swift */; };
		8FD45E172AF57BFA00BDCD8C /* MountainBikeCardView.swift in Sources */ = {isa = PBXBuildFile; fileRef = 8FD45E162AF57BFA00BDCD8C /* MountainBikeCardView.swift */; };
		8FD45E1D2AF97C0200BDCD8C /* CustomerProfileView.swift in Sources */ = {isa = PBXBuildFile; fileRef = 8FD45E1C2AF97C0200BDCD8C /* CustomerProfileView.swift */; };
		8FD45E1F2AF99A8400BDCD8C /* UserModel.swift in Sources */ = {isa = PBXBuildFile; fileRef = 8FD45E1E2AF99A8400BDCD8C /* UserModel.swift */; };
		8FD45E242AFD255700BDCD8C /* RoadBikeModel.swift in Sources */ = {isa = PBXBuildFile; fileRef = 8FD45E232AFD255700BDCD8C /* RoadBikeModel.swift */; };
		8FD45E292AFD27AD00BDCD8C /* RoadBikeCardView.swift in Sources */ = {isa = PBXBuildFile; fileRef = 8FD45E282AFD27AD00BDCD8C /* RoadBikeCardView.swift */; };
		8FD45E2B2AFD2F6600BDCD8C /* HybridBikesModel.swift in Sources */ = {isa = PBXBuildFile; fileRef = 8FD45E2A2AFD2F6600BDCD8C /* HybridBikesModel.swift */; };
		8FD45E2F2AFD319F00BDCD8C /* HybridCardView.swift in Sources */ = {isa = PBXBuildFile; fileRef = 8FD45E2E2AFD319F00BDCD8C /* HybridCardView.swift */; };
		8FD45E692B052B5500BDCD8C /* SearchAndFilter.swift in Sources */ = {isa = PBXBuildFile; fileRef = 8FD45E682B052B5500BDCD8C /* SearchAndFilter.swift */; };
		8FD45E6B2B0561A500BDCD8C /* BikeDetailView.swift in Sources */ = {isa = PBXBuildFile; fileRef = 8FD45E6A2B0561A500BDCD8C /* BikeDetailView.swift */; };
		8FD45E6E2B05897500BDCD8C /* CollapsableText.swift in Sources */ = {isa = PBXBuildFile; fileRef = 8FD45E6D2B05897500BDCD8C /* CollapsableText.swift */; };
		8FD45E702B05D32400BDCD8C /* BikeSearchView.swift in Sources */ = {isa = PBXBuildFile; fileRef = 8FD45E6F2B05D32400BDCD8C /* BikeSearchView.swift */; };
		8FD45E722B17C29C00BDCD8C /* TabView.swift in Sources */ = {isa = PBXBuildFile; fileRef = 8FD45E712B17C29C00BDCD8C /* TabView.swift */; };
		8FD45E752B17D68300BDCD8C /* InputView.swift in Sources */ = {isa = PBXBuildFile; fileRef = 8FD45E742B17D68300BDCD8C /* InputView.swift */; };
		8FD45E772B17DFD400BDCD8C /* RegistrationView.swift in Sources */ = {isa = PBXBuildFile; fileRef = 8FD45E762B17DFD400BDCD8C /* RegistrationView.swift */; };
		8FD45E792B17F65000BDCD8C /* GoogleService-Info.plist in Resources */ = {isa = PBXBuildFile; fileRef = 8FD45E782B17F65000BDCD8C /* GoogleService-Info.plist */; };
		8FD45E7C2B17F9AB00BDCD8C /* FirebaseAnalytics in Frameworks */ = {isa = PBXBuildFile; productRef = 8FD45E7B2B17F9AB00BDCD8C /* FirebaseAnalytics */; };
		8FD45E7E2B17F9AB00BDCD8C /* FirebaseAnalyticsOnDeviceConversion in Frameworks */ = {isa = PBXBuildFile; productRef = 8FD45E7D2B17F9AB00BDCD8C /* FirebaseAnalyticsOnDeviceConversion */; };
		8FD45E802B17F9AB00BDCD8C /* FirebaseAnalyticsSwift in Frameworks */ = {isa = PBXBuildFile; productRef = 8FD45E7F2B17F9AB00BDCD8C /* FirebaseAnalyticsSwift */; };
		8FD45E822B17F9AB00BDCD8C /* FirebaseAnalyticsWithoutAdIdSupport in Frameworks */ = {isa = PBXBuildFile; productRef = 8FD45E812B17F9AB00BDCD8C /* FirebaseAnalyticsWithoutAdIdSupport */; };
		8FD45E842B17F9AB00BDCD8C /* FirebaseAppCheck in Frameworks */ = {isa = PBXBuildFile; productRef = 8FD45E832B17F9AB00BDCD8C /* FirebaseAppCheck */; };
		8FD45E862B17F9AB00BDCD8C /* FirebaseAppDistribution-Beta in Frameworks */ = {isa = PBXBuildFile; productRef = 8FD45E852B17F9AB00BDCD8C /* FirebaseAppDistribution-Beta */; };
		8FD45E882B17F9AB00BDCD8C /* FirebaseAuth in Frameworks */ = {isa = PBXBuildFile; productRef = 8FD45E872B17F9AB00BDCD8C /* FirebaseAuth */; };
		8FD45E8A2B17F9AB00BDCD8C /* FirebaseAuthCombine-Community in Frameworks */ = {isa = PBXBuildFile; productRef = 8FD45E892B17F9AB00BDCD8C /* FirebaseAuthCombine-Community */; };
		8FD45E8C2B17F9AB00BDCD8C /* FirebaseCrashlytics in Frameworks */ = {isa = PBXBuildFile; productRef = 8FD45E8B2B17F9AB00BDCD8C /* FirebaseCrashlytics */; };
		8FD45E8E2B17F9AB00BDCD8C /* FirebaseDatabase in Frameworks */ = {isa = PBXBuildFile; productRef = 8FD45E8D2B17F9AB00BDCD8C /* FirebaseDatabase */; };
		8FD45E902B17F9AB00BDCD8C /* FirebaseDatabaseSwift in Frameworks */ = {isa = PBXBuildFile; productRef = 8FD45E8F2B17F9AB00BDCD8C /* FirebaseDatabaseSwift */; };
		8FD45E922B17F9AB00BDCD8C /* FirebaseDynamicLinks in Frameworks */ = {isa = PBXBuildFile; productRef = 8FD45E912B17F9AB00BDCD8C /* FirebaseDynamicLinks */; };
		8FD45E942B17F9AB00BDCD8C /* FirebaseFirestore in Frameworks */ = {isa = PBXBuildFile; productRef = 8FD45E932B17F9AB00BDCD8C /* FirebaseFirestore */; };
		8FD45E962B17F9AB00BDCD8C /* FirebaseFirestoreCombine-Community in Frameworks */ = {isa = PBXBuildFile; productRef = 8FD45E952B17F9AB00BDCD8C /* FirebaseFirestoreCombine-Community */; };
		8FD45E982B17F9AB00BDCD8C /* FirebaseFirestoreSwift in Frameworks */ = {isa = PBXBuildFile; productRef = 8FD45E972B17F9AB00BDCD8C /* FirebaseFirestoreSwift */; };
		8FD45E9A2B17F9AB00BDCD8C /* FirebaseFunctions in Frameworks */ = {isa = PBXBuildFile; productRef = 8FD45E992B17F9AB00BDCD8C /* FirebaseFunctions */; };
		8FD45E9C2B17F9AB00BDCD8C /* FirebaseFunctionsCombine-Community in Frameworks */ = {isa = PBXBuildFile; productRef = 8FD45E9B2B17F9AB00BDCD8C /* FirebaseFunctionsCombine-Community */; };
		8FD45E9E2B17F9AB00BDCD8C /* FirebaseInAppMessaging-Beta in Frameworks */ = {isa = PBXBuildFile; productRef = 8FD45E9D2B17F9AB00BDCD8C /* FirebaseInAppMessaging-Beta */; };
		8FD45EA02B17F9AB00BDCD8C /* FirebaseInAppMessagingSwift-Beta in Frameworks */ = {isa = PBXBuildFile; productRef = 8FD45E9F2B17F9AB00BDCD8C /* FirebaseInAppMessagingSwift-Beta */; };
		8FD45EA22B17F9AB00BDCD8C /* FirebaseInstallations in Frameworks */ = {isa = PBXBuildFile; productRef = 8FD45EA12B17F9AB00BDCD8C /* FirebaseInstallations */; };
		8FD45EA42B17F9AB00BDCD8C /* FirebaseMLModelDownloader in Frameworks */ = {isa = PBXBuildFile; productRef = 8FD45EA32B17F9AB00BDCD8C /* FirebaseMLModelDownloader */; };
		8FD45EA62B17F9AB00BDCD8C /* FirebaseMessaging in Frameworks */ = {isa = PBXBuildFile; productRef = 8FD45EA52B17F9AB00BDCD8C /* FirebaseMessaging */; };
		8FD45EA82B17F9AB00BDCD8C /* FirebasePerformance in Frameworks */ = {isa = PBXBuildFile; productRef = 8FD45EA72B17F9AB00BDCD8C /* FirebasePerformance */; };
		8FD45EAA2B17F9AB00BDCD8C /* FirebaseRemoteConfig in Frameworks */ = {isa = PBXBuildFile; productRef = 8FD45EA92B17F9AB00BDCD8C /* FirebaseRemoteConfig */; };
		8FD45EAC2B17F9AB00BDCD8C /* FirebaseRemoteConfigSwift in Frameworks */ = {isa = PBXBuildFile; productRef = 8FD45EAB2B17F9AB00BDCD8C /* FirebaseRemoteConfigSwift */; };
		8FD45EAE2B17F9AB00BDCD8C /* FirebaseStorage in Frameworks */ = {isa = PBXBuildFile; productRef = 8FD45EAD2B17F9AB00BDCD8C /* FirebaseStorage */; };
		8FD45EB02B17F9AB00BDCD8C /* FirebaseStorageCombine-Community in Frameworks */ = {isa = PBXBuildFile; productRef = 8FD45EAF2B17F9AB00BDCD8C /* FirebaseStorageCombine-Community */; };
		8FD45EB22B17FC0E00BDCD8C /* AuthViewModel.swift in Sources */ = {isa = PBXBuildFile; fileRef = 8FD45EB12B17FC0E00BDCD8C /* AuthViewModel.swift */; };
		8FD45EB42B18033F00BDCD8C /* ContentView.swift in Sources */ = {isa = PBXBuildFile; fileRef = 8FD45EB32B18033F00BDCD8C /* ContentView.swift */; };
/* End PBXBuildFile section */

/* Begin PBXFileReference section */
		8F09205A2B217BCC005BC2E0 /* CheckoutView.swift */ = {isa = PBXFileReference; lastKnownFileType = sourcecode.swift; path = CheckoutView.swift; sourceTree = "<group>"; };
		8F2041DD2B26B3A9006CA78A /* HybridBikeData.swift */ = {isa = PBXFileReference; fileEncoding = 4; lastKnownFileType = sourcecode.swift; path = HybridBikeData.swift; sourceTree = "<group>"; };
		8F2041DE2B26B3A9006CA78A /* RoadBikeData.swift */ = {isa = PBXFileReference; fileEncoding = 4; lastKnownFileType = sourcecode.swift; path = RoadBikeData.swift; sourceTree = "<group>"; };
		8F2041E12B27AAE8006CA78A /* BikeListModificationModel.swift */ = {isa = PBXFileReference; lastKnownFileType = sourcecode.swift; path = BikeListModificationModel.swift; sourceTree = "<group>"; };
		8F42B9702AEB4C2900CFBB4F /* Evo Bike Rental.app */ = {isa = PBXFileReference; explicitFileType = wrapper.application; includeInIndex = 0; path = "Evo Bike Rental.app"; sourceTree = BUILT_PRODUCTS_DIR; };
		8F42B9732AEB4C2900CFBB4F /* BikeRentalAppApp.swift */ = {isa = PBXFileReference; lastKnownFileType = sourcecode.swift; path = BikeRentalAppApp.swift; sourceTree = "<group>"; };
		8F42B9772AEB4C2A00CFBB4F /* Assets.xcassets */ = {isa = PBXFileReference; lastKnownFileType = folder.assetcatalog; path = Assets.xcassets; sourceTree = "<group>"; };
		8F42B9792AEB4C2A00CFBB4F /* BikeRentalApp.entitlements */ = {isa = PBXFileReference; lastKnownFileType = text.plist.entitlements; path = BikeRentalApp.entitlements; sourceTree = "<group>"; };
		8F42B97B2AEB4C2A00CFBB4F /* Preview Assets.xcassets */ = {isa = PBXFileReference; lastKnownFileType = folder.assetcatalog; path = "Preview Assets.xcassets"; sourceTree = "<group>"; };
		8F54342D2AEB4D6C00E0E260 /* LandingPage.swift */ = {isa = PBXFileReference; lastKnownFileType = sourcecode.swift; path = LandingPage.swift; sourceTree = "<group>"; };
		8F54343D2AEB4F1400E0E260 /* BikeListView.swift */ = {isa = PBXFileReference; lastKnownFileType = sourcecode.swift; path = BikeListView.swift; sourceTree = "<group>"; };
		8F6DF17F2B2A61170035DF0C /* CapsulView.swift */ = {isa = PBXFileReference; lastKnownFileType = sourcecode.swift; path = CapsulView.swift; sourceTree = "<group>"; };
		8F6DF1832B2FC5560035DF0C /* RentalHistoryView.swift */ = {isa = PBXFileReference; lastKnownFileType = sourcecode.swift; path = RentalHistoryView.swift; sourceTree = "<group>"; };
		8F6DF1852B30C7640035DF0C /* ReservationModel.swift */ = {isa = PBXFileReference; lastKnownFileType = sourcecode.swift; path = ReservationModel.swift; sourceTree = "<group>"; };
		8F6DF1892B30D2150035DF0C /* reservationData.swift */ = {isa = PBXFileReference; lastKnownFileType = sourcecode.swift; path = reservationData.swift; sourceTree = "<group>"; };
		8FD45DF12AF4748E00BDCD8C /* BikeBackground.mp4 */ = {isa = PBXFileReference; lastKnownFileType = file; path = BikeBackground.mp4; sourceTree = "<group>"; };
		8FD45E0F2AF5761500BDCD8C /* MountainBikeModel.swift */ = {isa = PBXFileReference; lastKnownFileType = sourcecode.swift; path = MountainBikeModel.swift; sourceTree = "<group>"; };
		8FD45E122AF5780C00BDCD8C /* BikeData.swift */ = {isa = PBXFileReference; lastKnownFileType = sourcecode.swift; path = BikeData.swift; sourceTree = "<group>"; };
		8FD45E162AF57BFA00BDCD8C /* MountainBikeCardView.swift */ = {isa = PBXFileReference; lastKnownFileType = sourcecode.swift; path = MountainBikeCardView.swift; sourceTree = "<group>"; };
		8FD45E1C2AF97C0200BDCD8C /* CustomerProfileView.swift */ = {isa = PBXFileReference; lastKnownFileType = sourcecode.swift; path = CustomerProfileView.swift; sourceTree = "<group>"; };
		8FD45E1E2AF99A8400BDCD8C /* UserModel.swift */ = {isa = PBXFileReference; lastKnownFileType = sourcecode.swift; path = UserModel.swift; sourceTree = "<group>"; };
		8FD45E232AFD255700BDCD8C /* RoadBikeModel.swift */ = {isa = PBXFileReference; lastKnownFileType = sourcecode.swift; path = RoadBikeModel.swift; sourceTree = "<group>"; };
		8FD45E282AFD27AD00BDCD8C /* RoadBikeCardView.swift */ = {isa = PBXFileReference; lastKnownFileType = sourcecode.swift; path = RoadBikeCardView.swift; sourceTree = "<group>"; };
		8FD45E2A2AFD2F6600BDCD8C /* HybridBikesModel.swift */ = {isa = PBXFileReference; lastKnownFileType = sourcecode.swift; path = HybridBikesModel.swift; sourceTree = "<group>"; };
		8FD45E2E2AFD319F00BDCD8C /* HybridCardView.swift */ = {isa = PBXFileReference; lastKnownFileType = sourcecode.swift; path = HybridCardView.swift; sourceTree = "<group>"; };
		8FD45E682B052B5500BDCD8C /* SearchAndFilter.swift */ = {isa = PBXFileReference; lastKnownFileType = sourcecode.swift; path = SearchAndFilter.swift; sourceTree = "<group>"; };
		8FD45E6A2B0561A500BDCD8C /* BikeDetailView.swift */ = {isa = PBXFileReference; lastKnownFileType = sourcecode.swift; path = BikeDetailView.swift; sourceTree = "<group>"; };
		8FD45E6D2B05897500BDCD8C /* CollapsableText.swift */ = {isa = PBXFileReference; lastKnownFileType = sourcecode.swift; path = CollapsableText.swift; sourceTree = "<group>"; };
		8FD45E6F2B05D32400BDCD8C /* BikeSearchView.swift */ = {isa = PBXFileReference; lastKnownFileType = sourcecode.swift; path = BikeSearchView.swift; sourceTree = "<group>"; };
		8FD45E712B17C29C00BDCD8C /* TabView.swift */ = {isa = PBXFileReference; lastKnownFileType = sourcecode.swift; path = TabView.swift; sourceTree = "<group>"; };
		8FD45E742B17D68300BDCD8C /* InputView.swift */ = {isa = PBXFileReference; lastKnownFileType = sourcecode.swift; path = InputView.swift; sourceTree = "<group>"; };
		8FD45E762B17DFD400BDCD8C /* RegistrationView.swift */ = {isa = PBXFileReference; lastKnownFileType = sourcecode.swift; path = RegistrationView.swift; sourceTree = "<group>"; };
		8FD45E782B17F65000BDCD8C /* GoogleService-Info.plist */ = {isa = PBXFileReference; fileEncoding = 4; lastKnownFileType = text.plist.xml; path = "GoogleService-Info.plist"; sourceTree = "<group>"; };
		8FD45EB12B17FC0E00BDCD8C /* AuthViewModel.swift */ = {isa = PBXFileReference; lastKnownFileType = sourcecode.swift; path = AuthViewModel.swift; sourceTree = "<group>"; };
		8FD45EB32B18033F00BDCD8C /* ContentView.swift */ = {isa = PBXFileReference; lastKnownFileType = sourcecode.swift; path = ContentView.swift; sourceTree = "<group>"; };
/* End PBXFileReference section */

/* Begin PBXFrameworksBuildPhase section */
		8F42B96D2AEB4C2900CFBB4F /* Frameworks */ = {
			isa = PBXFrameworksBuildPhase;
			buildActionMask = 2147483647;
			files = (
				8FD45E8E2B17F9AB00BDCD8C /* FirebaseDatabase in Frameworks */,
				8FD45E9C2B17F9AB00BDCD8C /* FirebaseFunctionsCombine-Community in Frameworks */,
				8FD45E942B17F9AB00BDCD8C /* FirebaseFirestore in Frameworks */,
				8FD45E802B17F9AB00BDCD8C /* FirebaseAnalyticsSwift in Frameworks */,
				8FD45E7C2B17F9AB00BDCD8C /* FirebaseAnalytics in Frameworks */,
				8FD45E7E2B17F9AB00BDCD8C /* FirebaseAnalyticsOnDeviceConversion in Frameworks */,
				8FD45EA42B17F9AB00BDCD8C /* FirebaseMLModelDownloader in Frameworks */,
				8FD45E982B17F9AB00BDCD8C /* FirebaseFirestoreSwift in Frameworks */,
				8FD45E842B17F9AB00BDCD8C /* FirebaseAppCheck in Frameworks */,
				8FD45E822B17F9AB00BDCD8C /* FirebaseAnalyticsWithoutAdIdSupport in Frameworks */,
				8FD45E882B17F9AB00BDCD8C /* FirebaseAuth in Frameworks */,
				8FD45E8C2B17F9AB00BDCD8C /* FirebaseCrashlytics in Frameworks */,
				8FD45EAC2B17F9AB00BDCD8C /* FirebaseRemoteConfigSwift in Frameworks */,
				8FD45E9E2B17F9AB00BDCD8C /* FirebaseInAppMessaging-Beta in Frameworks */,
				8FD45E902B17F9AB00BDCD8C /* FirebaseDatabaseSwift in Frameworks */,
				8FD45E9A2B17F9AB00BDCD8C /* FirebaseFunctions in Frameworks */,
				8FD45EB02B17F9AB00BDCD8C /* FirebaseStorageCombine-Community in Frameworks */,
				8FD45EAA2B17F9AB00BDCD8C /* FirebaseRemoteConfig in Frameworks */,
				8FD45E862B17F9AB00BDCD8C /* FirebaseAppDistribution-Beta in Frameworks */,
				8FD45E8A2B17F9AB00BDCD8C /* FirebaseAuthCombine-Community in Frameworks */,
				8FD45EA82B17F9AB00BDCD8C /* FirebasePerformance in Frameworks */,
				8FD45EA02B17F9AB00BDCD8C /* FirebaseInAppMessagingSwift-Beta in Frameworks */,
				8FD45EAE2B17F9AB00BDCD8C /* FirebaseStorage in Frameworks */,
				8FD45E922B17F9AB00BDCD8C /* FirebaseDynamicLinks in Frameworks */,
				8FD45E962B17F9AB00BDCD8C /* FirebaseFirestoreCombine-Community in Frameworks */,
				8FD45EA62B17F9AB00BDCD8C /* FirebaseMessaging in Frameworks */,
				8FD45EA22B17F9AB00BDCD8C /* FirebaseInstallations in Frameworks */,
			);
			runOnlyForDeploymentPostprocessing = 0;
		};
/* End PBXFrameworksBuildPhase section */

/* Begin PBXGroup section */
		8F42B9672AEB4C2900CFBB4F = {
			isa = PBXGroup;
			children = (
				8F42B9722AEB4C2900CFBB4F /* BikeRentalApp */,
				8F42B9712AEB4C2900CFBB4F /* Products */,
			);
			sourceTree = "<group>";
		};
		8F42B9712AEB4C2900CFBB4F /* Products */ = {
			isa = PBXGroup;
			children = (
				8F42B9702AEB4C2900CFBB4F /* Evo Bike Rental.app */,
			);
			name = Products;
			sourceTree = "<group>";
		};
		8F42B9722AEB4C2900CFBB4F /* BikeRentalApp */ = {
			isa = PBXGroup;
			children = (
				8F42B9732AEB4C2900CFBB4F /* BikeRentalAppApp.swift */,
				8FD45EB32B18033F00BDCD8C /* ContentView.swift */,
				8F54342D2AEB4D6C00E0E260 /* LandingPage.swift */,
				8F54343A2AEB4E6E00E0E260 /* CustomerRentalPages */,
				8F42B9792AEB4C2A00CFBB4F /* BikeRentalApp.entitlements */,
				8FD45DF12AF4748E00BDCD8C /* BikeBackground.mp4 */,
				8F42B9772AEB4C2A00CFBB4F /* Assets.xcassets */,
				8FD45E782B17F65000BDCD8C /* GoogleService-Info.plist */,
				8F42B97A2AEB4C2A00CFBB4F /* Preview Content */,
			);
			path = BikeRentalApp;
			sourceTree = "<group>";
		};
		8F42B97A2AEB4C2A00CFBB4F /* Preview Content */ = {
			isa = PBXGroup;
			children = (
				8F42B97B2AEB4C2A00CFBB4F /* Preview Assets.xcassets */,
			);
			path = "Preview Content";
			sourceTree = "<group>";
		};
		8F54343A2AEB4E6E00E0E260 /* CustomerRentalPages */ = {
			isa = PBXGroup;
			children = (
				8FD45E6A2B0561A500BDCD8C /* BikeDetailView.swift */,
				8F54343D2AEB4F1400E0E260 /* BikeListView.swift */,
				8FD45E1C2AF97C0200BDCD8C /* CustomerProfileView.swift */,
				8F09205A2B217BCC005BC2E0 /* CheckoutView.swift */,
				8F6DF1832B2FC5560035DF0C /* RentalHistoryView.swift */,
				8FD45E762B17DFD400BDCD8C /* RegistrationView.swift */,
				8FD45E142AF57BCB00BDCD8C /* View */,
				8FD45E112AF577F600BDCD8C /* Data */,
				8FD45E0E2AF575F600BDCD8C /* Model */,
			);
			path = CustomerRentalPages;
			sourceTree = "<group>";
		};
		8FD45E0E2AF575F600BDCD8C /* Model */ = {
			isa = PBXGroup;
			children = (
				8FD45EB12B17FC0E00BDCD8C /* AuthViewModel.swift */,
				8F2041E12B27AAE8006CA78A /* BikeListModificationModel.swift */,
				8FD45E2A2AFD2F6600BDCD8C /* HybridBikesModel.swift */,
				8FD45E232AFD255700BDCD8C /* RoadBikeModel.swift */,
				8FD45E0F2AF5761500BDCD8C /* MountainBikeModel.swift */,
				8FD45E1E2AF99A8400BDCD8C /* UserModel.swift */,
				8F6DF1852B30C7640035DF0C /* ReservationModel.swift */,
			);
			path = Model;
			sourceTree = "<group>";
		};
		8FD45E112AF577F600BDCD8C /* Data */ = {
			isa = PBXGroup;
			children = (
				8FD45E122AF5780C00BDCD8C /* BikeData.swift */,
				8F2041DD2B26B3A9006CA78A /* HybridBikeData.swift */,
				8F2041DE2B26B3A9006CA78A /* RoadBikeData.swift */,
				8F6DF1892B30D2150035DF0C /* reservationData.swift */,
			);
			path = Data;
			sourceTree = "<group>";
		};
		8FD45E142AF57BCB00BDCD8C /* View */ = {
			isa = PBXGroup;
			children = (
				8FD45E732B17D64E00BDCD8C /* Components */,
				8FD45E6F2B05D32400BDCD8C /* BikeSearchView.swift */,
				8FD45E2E2AFD319F00BDCD8C /* HybridCardView.swift */,
				8FD45E162AF57BFA00BDCD8C /* MountainBikeCardView.swift */,
				8FD45E282AFD27AD00BDCD8C /* RoadBikeCardView.swift */,
				8FD45E712B17C29C00BDCD8C /* TabView.swift */,
			);
			path = View;
			sourceTree = "<group>";
		};
		8FD45E732B17D64E00BDCD8C /* Components */ = {
			isa = PBXGroup;
			children = (
				8FD45E6D2B05897500BDCD8C /* CollapsableText.swift */,
				8FD45E742B17D68300BDCD8C /* InputView.swift */,
				8FD45E682B052B5500BDCD8C /* SearchAndFilter.swift */,
				8F6DF17F2B2A61170035DF0C /* CapsulView.swift */,
			);
			path = Components;
			sourceTree = "<group>";
		};
/* End PBXGroup section */

/* Begin PBXNativeTarget section */
		8F42B96F2AEB4C2900CFBB4F /* Evo Bike Rental */ = {
			isa = PBXNativeTarget;
			buildConfigurationList = 8F42B97F2AEB4C2A00CFBB4F /* Build configuration list for PBXNativeTarget "Evo Bike Rental" */;
			buildPhases = (
				8F42B96C2AEB4C2900CFBB4F /* Sources */,
				8F42B96D2AEB4C2900CFBB4F /* Frameworks */,
				8F42B96E2AEB4C2900CFBB4F /* Resources */,
			);
			buildRules = (
			);
			dependencies = (
			);
			name = "Evo Bike Rental";
			packageProductDependencies = (
				8FD45E7B2B17F9AB00BDCD8C /* FirebaseAnalytics */,
				8FD45E7D2B17F9AB00BDCD8C /* FirebaseAnalyticsOnDeviceConversion */,
				8FD45E7F2B17F9AB00BDCD8C /* FirebaseAnalyticsSwift */,
				8FD45E812B17F9AB00BDCD8C /* FirebaseAnalyticsWithoutAdIdSupport */,
				8FD45E832B17F9AB00BDCD8C /* FirebaseAppCheck */,
				8FD45E852B17F9AB00BDCD8C /* FirebaseAppDistribution-Beta */,
				8FD45E872B17F9AB00BDCD8C /* FirebaseAuth */,
				8FD45E892B17F9AB00BDCD8C /* FirebaseAuthCombine-Community */,
				8FD45E8B2B17F9AB00BDCD8C /* FirebaseCrashlytics */,
				8FD45E8D2B17F9AB00BDCD8C /* FirebaseDatabase */,
				8FD45E8F2B17F9AB00BDCD8C /* FirebaseDatabaseSwift */,
				8FD45E912B17F9AB00BDCD8C /* FirebaseDynamicLinks */,
				8FD45E932B17F9AB00BDCD8C /* FirebaseFirestore */,
				8FD45E952B17F9AB00BDCD8C /* FirebaseFirestoreCombine-Community */,
				8FD45E972B17F9AB00BDCD8C /* FirebaseFirestoreSwift */,
				8FD45E992B17F9AB00BDCD8C /* FirebaseFunctions */,
				8FD45E9B2B17F9AB00BDCD8C /* FirebaseFunctionsCombine-Community */,
				8FD45E9D2B17F9AB00BDCD8C /* FirebaseInAppMessaging-Beta */,
				8FD45E9F2B17F9AB00BDCD8C /* FirebaseInAppMessagingSwift-Beta */,
				8FD45EA12B17F9AB00BDCD8C /* FirebaseInstallations */,
				8FD45EA32B17F9AB00BDCD8C /* FirebaseMLModelDownloader */,
				8FD45EA52B17F9AB00BDCD8C /* FirebaseMessaging */,
				8FD45EA72B17F9AB00BDCD8C /* FirebasePerformance */,
				8FD45EA92B17F9AB00BDCD8C /* FirebaseRemoteConfig */,
				8FD45EAB2B17F9AB00BDCD8C /* FirebaseRemoteConfigSwift */,
				8FD45EAD2B17F9AB00BDCD8C /* FirebaseStorage */,
				8FD45EAF2B17F9AB00BDCD8C /* FirebaseStorageCombine-Community */,
			);
			productName = BikeRentalApp;
			productReference = 8F42B9702AEB4C2900CFBB4F /* Evo Bike Rental.app */;
			productType = "com.apple.product-type.application";
		};
/* End PBXNativeTarget section */

/* Begin PBXProject section */
		8F42B9682AEB4C2900CFBB4F /* Project object */ = {
			isa = PBXProject;
			attributes = {
				BuildIndependentTargetsInParallel = 1;
				LastSwiftUpdateCheck = 1500;
				LastUpgradeCheck = 1500;
				TargetAttributes = {
					8F42B96F2AEB4C2900CFBB4F = {
						CreatedOnToolsVersion = 15.0.1;
					};
				};
			};
			buildConfigurationList = 8F42B96B2AEB4C2900CFBB4F /* Build configuration list for PBXProject "Evo Bike Rental" */;
			compatibilityVersion = "Xcode 14.0";
			developmentRegion = en;
			hasScannedForEncodings = 0;
			knownRegions = (
				en,
				Base,
			);
			mainGroup = 8F42B9672AEB4C2900CFBB4F;
			packageReferences = (
				8FD45E7A2B17F9AB00BDCD8C /* XCRemoteSwiftPackageReference "firebase-ios-sdk" */,
			);
			productRefGroup = 8F42B9712AEB4C2900CFBB4F /* Products */;
			projectDirPath = "";
			projectRoot = "";
			targets = (
				8F42B96F2AEB4C2900CFBB4F /* Evo Bike Rental */,
			);
		};
/* End PBXProject section */

/* Begin PBXResourcesBuildPhase section */
		8F42B96E2AEB4C2900CFBB4F /* Resources */ = {
			isa = PBXResourcesBuildPhase;
			buildActionMask = 2147483647;
			files = (
				8F42B97C2AEB4C2A00CFBB4F /* Preview Assets.xcassets in Resources */,
				8FD45E792B17F65000BDCD8C /* GoogleService-Info.plist in Resources */,
				8FD45DF22AF4748E00BDCD8C /* BikeBackground.mp4 in Resources */,
				8F42B9782AEB4C2A00CFBB4F /* Assets.xcassets in Resources */,
			);
			runOnlyForDeploymentPostprocessing = 0;
		};
/* End PBXResourcesBuildPhase section */

/* Begin PBXSourcesBuildPhase section */
		8F42B96C2AEB4C2900CFBB4F /* Sources */ = {
			isa = PBXSourcesBuildPhase;
			buildActionMask = 2147483647;
			files = (
				8FD45E772B17DFD400BDCD8C /* RegistrationView.swift in Sources */,
				8FD45E692B052B5500BDCD8C /* SearchAndFilter.swift in Sources */,
				8F6DF1802B2A61170035DF0C /* CapsulView.swift in Sources */,
				8FD45E702B05D32400BDCD8C /* BikeSearchView.swift in Sources */,
				8FD45E242AFD255700BDCD8C /* RoadBikeModel.swift in Sources */,
				8FD45E2B2AFD2F6600BDCD8C /* HybridBikesModel.swift in Sources */,
				8FD45E722B17C29C00BDCD8C /* TabView.swift in Sources */,
				8F2041E02B26B3A9006CA78A /* RoadBikeData.swift in Sources */,
				8FD45E102AF5761500BDCD8C /* MountainBikeModel.swift in Sources */,
				8FD45E2F2AFD319F00BDCD8C /* HybridCardView.swift in Sources */,
				8F6DF1842B2FC5560035DF0C /* RentalHistoryView.swift in Sources */,
				8F6DF1862B30C7640035DF0C /* ReservationModel.swift in Sources */,
				8FD45EB42B18033F00BDCD8C /* ContentView.swift in Sources */,
				8FD45E6E2B05897500BDCD8C /* CollapsableText.swift in Sources */,
				8FD45E1F2AF99A8400BDCD8C /* UserModel.swift in Sources */,
				8F2041DF2B26B3A9006CA78A /* HybridBikeData.swift in Sources */,
				8FD45E172AF57BFA00BDCD8C /* MountainBikeCardView.swift in Sources */,
				8FD45E752B17D68300BDCD8C /* InputView.swift in Sources */,
				8F09205B2B217BCC005BC2E0 /* CheckoutView.swift in Sources */,
				8F42B9742AEB4C2900CFBB4F /* BikeRentalAppApp.swift in Sources */,
				8F6DF18A2B30D2150035DF0C /* reservationData.swift in Sources */,
				8FD45EB22B17FC0E00BDCD8C /* AuthViewModel.swift in Sources */,
				8FD45E132AF5780C00BDCD8C /* BikeData.swift in Sources */,
				8F54342E2AEB4D6C00E0E260 /* LandingPage.swift in Sources */,
				8F54343E2AEB4F1400E0E260 /* BikeListView.swift in Sources */,
				8FD45E1D2AF97C0200BDCD8C /* CustomerProfileView.swift in Sources */,
				8F2041E22B27AAE8006CA78A /* BikeListModificationModel.swift in Sources */,
				8FD45E6B2B0561A500BDCD8C /* BikeDetailView.swift in Sources */,
				8FD45E292AFD27AD00BDCD8C /* RoadBikeCardView.swift in Sources */,
			);
			runOnlyForDeploymentPostprocessing = 0;
		};
/* End PBXSourcesBuildPhase section */

/* Begin XCBuildConfiguration section */
		8F42B97D2AEB4C2A00CFBB4F /* Debug */ = {
			isa = XCBuildConfiguration;
			buildSettings = {
				ALWAYS_SEARCH_USER_PATHS = NO;
				ASSETCATALOG_COMPILER_GENERATE_SWIFT_ASSET_SYMBOL_EXTENSIONS = YES;
				CLANG_ANALYZER_NONNULL = YES;
				CLANG_ANALYZER_NUMBER_OBJECT_CONVERSION = YES_AGGRESSIVE;
				CLANG_CXX_LANGUAGE_STANDARD = "gnu++20";
				CLANG_ENABLE_MODULES = YES;
				CLANG_ENABLE_OBJC_ARC = YES;
				CLANG_ENABLE_OBJC_WEAK = YES;
				CLANG_WARN_BLOCK_CAPTURE_AUTORELEASING = YES;
				CLANG_WARN_BOOL_CONVERSION = YES;
				CLANG_WARN_COMMA = YES;
				CLANG_WARN_CONSTANT_CONVERSION = YES;
				CLANG_WARN_DEPRECATED_OBJC_IMPLEMENTATIONS = YES;
				CLANG_WARN_DIRECT_OBJC_ISA_USAGE = YES_ERROR;
				CLANG_WARN_DOCUMENTATION_COMMENTS = YES;
				CLANG_WARN_EMPTY_BODY = YES;
				CLANG_WARN_ENUM_CONVERSION = YES;
				CLANG_WARN_INFINITE_RECURSION = YES;
				CLANG_WARN_INT_CONVERSION = YES;
				CLANG_WARN_NON_LITERAL_NULL_CONVERSION = YES;
				CLANG_WARN_OBJC_IMPLICIT_RETAIN_SELF = YES;
				CLANG_WARN_OBJC_LITERAL_CONVERSION = YES;
				CLANG_WARN_OBJC_ROOT_CLASS = YES_ERROR;
				CLANG_WARN_QUOTED_INCLUDE_IN_FRAMEWORK_HEADER = YES;
				CLANG_WARN_RANGE_LOOP_ANALYSIS = YES;
				CLANG_WARN_STRICT_PROTOTYPES = YES;
				CLANG_WARN_SUSPICIOUS_MOVE = YES;
				CLANG_WARN_UNGUARDED_AVAILABILITY = YES_AGGRESSIVE;
				CLANG_WARN_UNREACHABLE_CODE = YES;
				CLANG_WARN__DUPLICATE_METHOD_MATCH = YES;
				COPY_PHASE_STRIP = NO;
				DEBUG_INFORMATION_FORMAT = dwarf;
				ENABLE_STRICT_OBJC_MSGSEND = YES;
				ENABLE_TESTABILITY = YES;
				ENABLE_USER_SCRIPT_SANDBOXING = YES;
				GCC_C_LANGUAGE_STANDARD = gnu17;
				GCC_DYNAMIC_NO_PIC = NO;
				GCC_NO_COMMON_BLOCKS = YES;
				GCC_OPTIMIZATION_LEVEL = 0;
				GCC_PREPROCESSOR_DEFINITIONS = (
					"DEBUG=1",
					"$(inherited)",
				);
				GCC_WARN_64_TO_32_BIT_CONVERSION = YES;
				GCC_WARN_ABOUT_RETURN_TYPE = YES_ERROR;
				GCC_WARN_UNDECLARED_SELECTOR = YES;
				GCC_WARN_UNINITIALIZED_AUTOS = YES_AGGRESSIVE;
				GCC_WARN_UNUSED_FUNCTION = YES;
				GCC_WARN_UNUSED_VARIABLE = YES;
				LOCALIZATION_PREFERS_STRING_CATALOGS = YES;
				MTL_ENABLE_DEBUG_INFO = INCLUDE_SOURCE;
				MTL_FAST_MATH = YES;
				ONLY_ACTIVE_ARCH = YES;
				SWIFT_ACTIVE_COMPILATION_CONDITIONS = "DEBUG $(inherited)";
				SWIFT_OPTIMIZATION_LEVEL = "-Onone";
			};
			name = Debug;
		};
		8F42B97E2AEB4C2A00CFBB4F /* Release */ = {
			isa = XCBuildConfiguration;
			buildSettings = {
				ALWAYS_SEARCH_USER_PATHS = NO;
				ASSETCATALOG_COMPILER_GENERATE_SWIFT_ASSET_SYMBOL_EXTENSIONS = YES;
				CLANG_ANALYZER_NONNULL = YES;
				CLANG_ANALYZER_NUMBER_OBJECT_CONVERSION = YES_AGGRESSIVE;
				CLANG_CXX_LANGUAGE_STANDARD = "gnu++20";
				CLANG_ENABLE_MODULES = YES;
				CLANG_ENABLE_OBJC_ARC = YES;
				CLANG_ENABLE_OBJC_WEAK = YES;
				CLANG_WARN_BLOCK_CAPTURE_AUTORELEASING = YES;
				CLANG_WARN_BOOL_CONVERSION = YES;
				CLANG_WARN_COMMA = YES;
				CLANG_WARN_CONSTANT_CONVERSION = YES;
				CLANG_WARN_DEPRECATED_OBJC_IMPLEMENTATIONS = YES;
				CLANG_WARN_DIRECT_OBJC_ISA_USAGE = YES_ERROR;
				CLANG_WARN_DOCUMENTATION_COMMENTS = YES;
				CLANG_WARN_EMPTY_BODY = YES;
				CLANG_WARN_ENUM_CONVERSION = YES;
				CLANG_WARN_INFINITE_RECURSION = YES;
				CLANG_WARN_INT_CONVERSION = YES;
				CLANG_WARN_NON_LITERAL_NULL_CONVERSION = YES;
				CLANG_WARN_OBJC_IMPLICIT_RETAIN_SELF = YES;
				CLANG_WARN_OBJC_LITERAL_CONVERSION = YES;
				CLANG_WARN_OBJC_ROOT_CLASS = YES_ERROR;
				CLANG_WARN_QUOTED_INCLUDE_IN_FRAMEWORK_HEADER = YES;
				CLANG_WARN_RANGE_LOOP_ANALYSIS = YES;
				CLANG_WARN_STRICT_PROTOTYPES = YES;
				CLANG_WARN_SUSPICIOUS_MOVE = YES;
				CLANG_WARN_UNGUARDED_AVAILABILITY = YES_AGGRESSIVE;
				CLANG_WARN_UNREACHABLE_CODE = YES;
				CLANG_WARN__DUPLICATE_METHOD_MATCH = YES;
				COPY_PHASE_STRIP = NO;
				DEBUG_INFORMATION_FORMAT = "dwarf-with-dsym";
				ENABLE_NS_ASSERTIONS = NO;
				ENABLE_STRICT_OBJC_MSGSEND = YES;
				ENABLE_USER_SCRIPT_SANDBOXING = YES;
				GCC_C_LANGUAGE_STANDARD = gnu17;
				GCC_NO_COMMON_BLOCKS = YES;
				GCC_WARN_64_TO_32_BIT_CONVERSION = YES;
				GCC_WARN_ABOUT_RETURN_TYPE = YES_ERROR;
				GCC_WARN_UNDECLARED_SELECTOR = YES;
				GCC_WARN_UNINITIALIZED_AUTOS = YES_AGGRESSIVE;
				GCC_WARN_UNUSED_FUNCTION = YES;
				GCC_WARN_UNUSED_VARIABLE = YES;
				LOCALIZATION_PREFERS_STRING_CATALOGS = YES;
				MTL_ENABLE_DEBUG_INFO = NO;
				MTL_FAST_MATH = YES;
				SWIFT_COMPILATION_MODE = wholemodule;
			};
			name = Release;
		};
		8F42B9802AEB4C2A00CFBB4F /* Debug */ = {
			isa = XCBuildConfiguration;
			buildSettings = {
				ASSETCATALOG_COMPILER_APPICON_NAME = AppIcon;
				ASSETCATALOG_COMPILER_GLOBAL_ACCENT_COLOR_NAME = AccentColor;
				CODE_SIGN_ENTITLEMENTS = BikeRentalApp/BikeRentalApp.entitlements;
				CODE_SIGN_STYLE = Automatic;
				CURRENT_PROJECT_VERSION = 1;
				DEVELOPMENT_ASSET_PATHS = "\"BikeRentalApp/Preview Content\"";
				DEVELOPMENT_TEAM = N2QM4294Q7;
				ENABLE_PREVIEWS = YES;
				GENERATE_INFOPLIST_FILE = YES;
				"INFOPLIST_KEY_UIApplicationSceneManifest_Generation[sdk=iphoneos*]" = YES;
				"INFOPLIST_KEY_UIApplicationSceneManifest_Generation[sdk=iphonesimulator*]" = YES;
				"INFOPLIST_KEY_UIApplicationSupportsIndirectInputEvents[sdk=iphoneos*]" = YES;
				"INFOPLIST_KEY_UIApplicationSupportsIndirectInputEvents[sdk=iphonesimulator*]" = YES;
				"INFOPLIST_KEY_UILaunchScreen_Generation[sdk=iphoneos*]" = YES;
				"INFOPLIST_KEY_UILaunchScreen_Generation[sdk=iphonesimulator*]" = YES;
				"INFOPLIST_KEY_UIStatusBarStyle[sdk=iphoneos*]" = UIStatusBarStyleDefault;
				"INFOPLIST_KEY_UIStatusBarStyle[sdk=iphonesimulator*]" = UIStatusBarStyleDefault;
				INFOPLIST_KEY_UISupportedInterfaceOrientations_iPad = "UIInterfaceOrientationPortrait UIInterfaceOrientationPortraitUpsideDown UIInterfaceOrientationLandscapeLeft UIInterfaceOrientationLandscapeRight";
				INFOPLIST_KEY_UISupportedInterfaceOrientations_iPhone = "UIInterfaceOrientationPortrait UIInterfaceOrientationLandscapeLeft UIInterfaceOrientationLandscapeRight";
				IPHONEOS_DEPLOYMENT_TARGET = 17.0;
				LD_RUNPATH_SEARCH_PATHS = "@executable_path/Frameworks";
				"LD_RUNPATH_SEARCH_PATHS[sdk=macosx*]" = "@executable_path/../Frameworks";
				MACOSX_DEPLOYMENT_TARGET = 13.5;
				MARKETING_VERSION = 1.0;
				PRODUCT_BUNDLE_IDENTIFIER = Willie.BikeRentalApp;
				PRODUCT_NAME = "$(TARGET_NAME)";
				SDKROOT = auto;
				SUPPORTED_PLATFORMS = "iphoneos iphonesimulator";
				SUPPORTS_MACCATALYST = NO;
				SWIFT_EMIT_LOC_STRINGS = YES;
				SWIFT_VERSION = 5.0;
				TARGETED_DEVICE_FAMILY = "1,2";
			};
			name = Debug;
		};
		8F42B9812AEB4C2A00CFBB4F /* Release */ = {
			isa = XCBuildConfiguration;
			buildSettings = {
				ASSETCATALOG_COMPILER_APPICON_NAME = AppIcon;
				ASSETCATALOG_COMPILER_GLOBAL_ACCENT_COLOR_NAME = AccentColor;
				CODE_SIGN_ENTITLEMENTS = BikeRentalApp/BikeRentalApp.entitlements;
				CODE_SIGN_STYLE = Automatic;
				CURRENT_PROJECT_VERSION = 1;
				DEVELOPMENT_ASSET_PATHS = "\"BikeRentalApp/Preview Content\"";
				DEVELOPMENT_TEAM = N2QM4294Q7;
				ENABLE_PREVIEWS = YES;
				GENERATE_INFOPLIST_FILE = YES;
				"INFOPLIST_KEY_UIApplicationSceneManifest_Generation[sdk=iphoneos*]" = YES;
				"INFOPLIST_KEY_UIApplicationSceneManifest_Generation[sdk=iphonesimulator*]" = YES;
				"INFOPLIST_KEY_UIApplicationSupportsIndirectInputEvents[sdk=iphoneos*]" = YES;
				"INFOPLIST_KEY_UIApplicationSupportsIndirectInputEvents[sdk=iphonesimulator*]" = YES;
				"INFOPLIST_KEY_UILaunchScreen_Generation[sdk=iphoneos*]" = YES;
				"INFOPLIST_KEY_UILaunchScreen_Generation[sdk=iphonesimulator*]" = YES;
				"INFOPLIST_KEY_UIStatusBarStyle[sdk=iphoneos*]" = UIStatusBarStyleDefault;
				"INFOPLIST_KEY_UIStatusBarStyle[sdk=iphonesimulator*]" = UIStatusBarStyleDefault;
				INFOPLIST_KEY_UISupportedInterfaceOrientations_iPad = "UIInterfaceOrientationPortrait UIInterfaceOrientationPortraitUpsideDown UIInterfaceOrientationLandscapeLeft UIInterfaceOrientationLandscapeRight";
				INFOPLIST_KEY_UISupportedInterfaceOrientations_iPhone = "UIInterfaceOrientationPortrait UIInterfaceOrientationLandscapeLeft UIInterfaceOrientationLandscapeRight";
				IPHONEOS_DEPLOYMENT_TARGET = 17.0;
				LD_RUNPATH_SEARCH_PATHS = "@executable_path/Frameworks";
				"LD_RUNPATH_SEARCH_PATHS[sdk=macosx*]" = "@executable_path/../Frameworks";
				MACOSX_DEPLOYMENT_TARGET = 13.5;
				MARKETING_VERSION = 1.0;
				PRODUCT_BUNDLE_IDENTIFIER = Willie.BikeRentalApp;
				PRODUCT_NAME = "$(TARGET_NAME)";
				SDKROOT = auto;
				SUPPORTED_PLATFORMS = "iphoneos iphonesimulator";
				SUPPORTS_MACCATALYST = NO;
				SWIFT_EMIT_LOC_STRINGS = YES;
				SWIFT_VERSION = 5.0;
				TARGETED_DEVICE_FAMILY = "1,2";
			};
			name = Release;
		};
/* End XCBuildConfiguration section */

/* Begin XCConfigurationList section */
		8F42B96B2AEB4C2900CFBB4F /* Build configuration list for PBXProject "Evo Bike Rental" */ = {
			isa = XCConfigurationList;
			buildConfigurations = (
				8F42B97D2AEB4C2A00CFBB4F /* Debug */,
				8F42B97E2AEB4C2A00CFBB4F /* Release */,
			);
			defaultConfigurationIsVisible = 0;
			defaultConfigurationName = Release;
		};
		8F42B97F2AEB4C2A00CFBB4F /* Build configuration list for PBXNativeTarget "Evo Bike Rental" */ = {
			isa = XCConfigurationList;
			buildConfigurations = (
				8F42B9802AEB4C2A00CFBB4F /* Debug */,
				8F42B9812AEB4C2A00CFBB4F /* Release */,
			);
			defaultConfigurationIsVisible = 0;
			defaultConfigurationName = Release;
		};
/* End XCConfigurationList section */

/* Begin XCRemoteSwiftPackageReference section */
		8FD45E7A2B17F9AB00BDCD8C /* XCRemoteSwiftPackageReference "firebase-ios-sdk" */ = {
			isa = XCRemoteSwiftPackageReference;
			repositoryURL = "https://github.com/firebase/firebase-ios-sdk";
			requirement = {
				kind = upToNextMajorVersion;
				minimumVersion = 10.18.0;
			};
		};
/* End XCRemoteSwiftPackageReference section */

/* Begin XCSwiftPackageProductDependency section */
		8FD45E7B2B17F9AB00BDCD8C /* FirebaseAnalytics */ = {
			isa = XCSwiftPackageProductDependency;
			package = 8FD45E7A2B17F9AB00BDCD8C /* XCRemoteSwiftPackageReference "firebase-ios-sdk" */;
			productName = FirebaseAnalytics;
		};
		8FD45E7D2B17F9AB00BDCD8C /* FirebaseAnalyticsOnDeviceConversion */ = {
			isa = XCSwiftPackageProductDependency;
			package = 8FD45E7A2B17F9AB00BDCD8C /* XCRemoteSwiftPackageReference "firebase-ios-sdk" */;
			productName = FirebaseAnalyticsOnDeviceConversion;
		};
		8FD45E7F2B17F9AB00BDCD8C /* FirebaseAnalyticsSwift */ = {
			isa = XCSwiftPackageProductDependency;
			package = 8FD45E7A2B17F9AB00BDCD8C /* XCRemoteSwiftPackageReference "firebase-ios-sdk" */;
			productName = FirebaseAnalyticsSwift;
		};
		8FD45E812B17F9AB00BDCD8C /* FirebaseAnalyticsWithoutAdIdSupport */ = {
			isa = XCSwiftPackageProductDependency;
			package = 8FD45E7A2B17F9AB00BDCD8C /* XCRemoteSwiftPackageReference "firebase-ios-sdk" */;
			productName = FirebaseAnalyticsWithoutAdIdSupport;
		};
		8FD45E832B17F9AB00BDCD8C /* FirebaseAppCheck */ = {
			isa = XCSwiftPackageProductDependency;
			package = 8FD45E7A2B17F9AB00BDCD8C /* XCRemoteSwiftPackageReference "firebase-ios-sdk" */;
			productName = FirebaseAppCheck;
		};
		8FD45E852B17F9AB00BDCD8C /* FirebaseAppDistribution-Beta */ = {
			isa = XCSwiftPackageProductDependency;
			package = 8FD45E7A2B17F9AB00BDCD8C /* XCRemoteSwiftPackageReference "firebase-ios-sdk" */;
			productName = "FirebaseAppDistribution-Beta";
		};
		8FD45E872B17F9AB00BDCD8C /* FirebaseAuth */ = {
			isa = XCSwiftPackageProductDependency;
			package = 8FD45E7A2B17F9AB00BDCD8C /* XCRemoteSwiftPackageReference "firebase-ios-sdk" */;
			productName = FirebaseAuth;
		};
		8FD45E892B17F9AB00BDCD8C /* FirebaseAuthCombine-Community */ = {
			isa = XCSwiftPackageProductDependency;
			package = 8FD45E7A2B17F9AB00BDCD8C /* XCRemoteSwiftPackageReference "firebase-ios-sdk" */;
			productName = "FirebaseAuthCombine-Community";
		};
		8FD45E8B2B17F9AB00BDCD8C /* FirebaseCrashlytics */ = {
			isa = XCSwiftPackageProductDependency;
			package = 8FD45E7A2B17F9AB00BDCD8C /* XCRemoteSwiftPackageReference "firebase-ios-sdk" */;
			productName = FirebaseCrashlytics;
		};
		8FD45E8D2B17F9AB00BDCD8C /* FirebaseDatabase */ = {
			isa = XCSwiftPackageProductDependency;
			package = 8FD45E7A2B17F9AB00BDCD8C /* XCRemoteSwiftPackageReference "firebase-ios-sdk" */;
			productName = FirebaseDatabase;
		};
		8FD45E8F2B17F9AB00BDCD8C /* FirebaseDatabaseSwift */ = {
			isa = XCSwiftPackageProductDependency;
			package = 8FD45E7A2B17F9AB00BDCD8C /* XCRemoteSwiftPackageReference "firebase-ios-sdk" */;
			productName = FirebaseDatabaseSwift;
		};
		8FD45E912B17F9AB00BDCD8C /* FirebaseDynamicLinks */ = {
			isa = XCSwiftPackageProductDependency;
			package = 8FD45E7A2B17F9AB00BDCD8C /* XCRemoteSwiftPackageReference "firebase-ios-sdk" */;
			productName = FirebaseDynamicLinks;
		};
		8FD45E932B17F9AB00BDCD8C /* FirebaseFirestore */ = {
			isa = XCSwiftPackageProductDependency;
			package = 8FD45E7A2B17F9AB00BDCD8C /* XCRemoteSwiftPackageReference "firebase-ios-sdk" */;
			productName = FirebaseFirestore;
		};
		8FD45E952B17F9AB00BDCD8C /* FirebaseFirestoreCombine-Community */ = {
			isa = XCSwiftPackageProductDependency;
			package = 8FD45E7A2B17F9AB00BDCD8C /* XCRemoteSwiftPackageReference "firebase-ios-sdk" */;
			productName = "FirebaseFirestoreCombine-Community";
		};
		8FD45E972B17F9AB00BDCD8C /* FirebaseFirestoreSwift */ = {
			isa = XCSwiftPackageProductDependency;
			package = 8FD45E7A2B17F9AB00BDCD8C /* XCRemoteSwiftPackageReference "firebase-ios-sdk" */;
			productName = FirebaseFirestoreSwift;
		};
		8FD45E992B17F9AB00BDCD8C /* FirebaseFunctions */ = {
			isa = XCSwiftPackageProductDependency;
			package = 8FD45E7A2B17F9AB00BDCD8C /* XCRemoteSwiftPackageReference "firebase-ios-sdk" */;
			productName = FirebaseFunctions;
		};
		8FD45E9B2B17F9AB00BDCD8C /* FirebaseFunctionsCombine-Community */ = {
			isa = XCSwiftPackageProductDependency;
			package = 8FD45E7A2B17F9AB00BDCD8C /* XCRemoteSwiftPackageReference "firebase-ios-sdk" */;
			productName = "FirebaseFunctionsCombine-Community";
		};
		8FD45E9D2B17F9AB00BDCD8C /* FirebaseInAppMessaging-Beta */ = {
			isa = XCSwiftPackageProductDependency;
			package = 8FD45E7A2B17F9AB00BDCD8C /* XCRemoteSwiftPackageReference "firebase-ios-sdk" */;
			productName = "FirebaseInAppMessaging-Beta";
		};
		8FD45E9F2B17F9AB00BDCD8C /* FirebaseInAppMessagingSwift-Beta */ = {
			isa = XCSwiftPackageProductDependency;
			package = 8FD45E7A2B17F9AB00BDCD8C /* XCRemoteSwiftPackageReference "firebase-ios-sdk" */;
			productName = "FirebaseInAppMessagingSwift-Beta";
		};
		8FD45EA12B17F9AB00BDCD8C /* FirebaseInstallations */ = {
			isa = XCSwiftPackageProductDependency;
			package = 8FD45E7A2B17F9AB00BDCD8C /* XCRemoteSwiftPackageReference "firebase-ios-sdk" */;
			productName = FirebaseInstallations;
		};
		8FD45EA32B17F9AB00BDCD8C /* FirebaseMLModelDownloader */ = {
			isa = XCSwiftPackageProductDependency;
			package = 8FD45E7A2B17F9AB00BDCD8C /* XCRemoteSwiftPackageReference "firebase-ios-sdk" */;
			productName = FirebaseMLModelDownloader;
		};
		8FD45EA52B17F9AB00BDCD8C /* FirebaseMessaging */ = {
			isa = XCSwiftPackageProductDependency;
			package = 8FD45E7A2B17F9AB00BDCD8C /* XCRemoteSwiftPackageReference "firebase-ios-sdk" */;
			productName = FirebaseMessaging;
		};
		8FD45EA72B17F9AB00BDCD8C /* FirebasePerformance */ = {
			isa = XCSwiftPackageProductDependency;
			package = 8FD45E7A2B17F9AB00BDCD8C /* XCRemoteSwiftPackageReference "firebase-ios-sdk" */;
			productName = FirebasePerformance;
		};
		8FD45EA92B17F9AB00BDCD8C /* FirebaseRemoteConfig */ = {
			isa = XCSwiftPackageProductDependency;
			package = 8FD45E7A2B17F9AB00BDCD8C /* XCRemoteSwiftPackageReference "firebase-ios-sdk" */;
			productName = FirebaseRemoteConfig;
		};
		8FD45EAB2B17F9AB00BDCD8C /* FirebaseRemoteConfigSwift */ = {
			isa = XCSwiftPackageProductDependency;
			package = 8FD45E7A2B17F9AB00BDCD8C /* XCRemoteSwiftPackageReference "firebase-ios-sdk" */;
			productName = FirebaseRemoteConfigSwift;
		};
		8FD45EAD2B17F9AB00BDCD8C /* FirebaseStorage */ = {
			isa = XCSwiftPackageProductDependency;
			package = 8FD45E7A2B17F9AB00BDCD8C /* XCRemoteSwiftPackageReference "firebase-ios-sdk" */;
			productName = FirebaseStorage;
		};
		8FD45EAF2B17F9AB00BDCD8C /* FirebaseStorageCombine-Community */ = {
			isa = XCSwiftPackageProductDependency;
			package = 8FD45E7A2B17F9AB00BDCD8C /* XCRemoteSwiftPackageReference "firebase-ios-sdk" */;
			productName = "FirebaseStorageCombine-Community";
		};
/* End XCSwiftPackageProductDependency section */
	};
	rootObject = 8F42B9682AEB4C2900CFBB4F /* Project object */;
}
